
Microsoft Visual Studio Solution File, Format Version 12.00
# Visual Studio 2013
VisualStudioVersion = 12.0.21005.1
MinimumVisualStudioVersion = 10.0.40219.1
Project("{FAE04EC0-301F-11D3-BF4B-00C04F79EFBC}") = "snakeGame", "snakeGame\snakeGame.csproj", "{27EDCD80-8DF3-4384-A4F0-D672A3DB41A6}"
EndProject
Global
	GlobalSection(SolutionConfigurationPlatforms) = preSolution
		Debug|Any CPU = Debug|Any CPU
		Release|Any CPU = Release|Any CPU
	EndGlobalSection
	GlobalSection(ProjectConfigurationPlatforms) = postSolution
		{27EDCD80-8DF3-4384-A4F0-D672A3DB41A6}.Debug|Any CPU.ActiveCfg = Debug|Any CPU
		{27EDCD80-8DF3-4384-A4F0-D672A3DB41A6}.Debug|Any CPU.Build.0 = Debug|Any CPU
		{27EDCD80-8DF3-4384-A4F0-D672A3DB41A6}.Release|Any CPU.ActiveCfg = Release|Any CPU
		{27EDCD80-8DF3-4384-A4F0-D672A3DB41A6}.Release|Any CPU.Build.0 = Release|Any CPU
	EndGlobalSection
	GlobalSection(SolutionProperties) = preSolution
		HideSolutionNode = FALSE
	EndGlobalSection
EndGlobal
